// !$*UTF8*$!
{
	archiveVersion = 1;
	classes = {
	};
	objectVersion = 46;
	objects = {

/* Begin PBXBuildFile section */
		810D8FB61CCB58D600195B6C /* Shared Code.swift in Sources */ = {isa = PBXBuildFile; fileRef = 810D8FB51CCB58D600195B6C /* Shared Code.swift */; };
		810D8FB81CCB680900195B6C /* TableViewCell.swift in Sources */ = {isa = PBXBuildFile; fileRef = 810D8FB71CCB680900195B6C /* TableViewCell.swift */; };
		810D8FBA1CCB7FEA00195B6C /* SynchronizedResults.swift in Sources */ = {isa = PBXBuildFile; fileRef = 810D8FB91CCB7FEA00195B6C /* SynchronizedResults.swift */; };
		810D8FBC1CCBBD3D00195B6C /* ConcurrentOperation.swift in Sources */ = {isa = PBXBuildFile; fileRef = 810D8FBB1CCBBD3D00195B6C /* ConcurrentOperation.swift */; };
		810D8FBE1CCBBD9200195B6C /* CrawlOperation.swift in Sources */ = {isa = PBXBuildFile; fileRef = 810D8FBD1CCBBD9200195B6C /* CrawlOperation.swift */; };
		811C80A91CCCD63F00D3A2D2 /* StatusEnums.swift in Sources */ = {isa = PBXBuildFile; fileRef = 811C80A81CCCD63F00D3A2D2 /* StatusEnums.swift */; };
		811C80AD1CCD770C00D3A2D2 /* UIViewController.swift in Sources */ = {isa = PBXBuildFile; fileRef = 811C80AC1CCD770C00D3A2D2 /* UIViewController.swift */; };
		811C80AF1CCD8E8E00D3A2D2 /* README.pdf in Resources */ = {isa = PBXBuildFile; fileRef = 811C80AE1CCD8E8E00D3A2D2 /* README.pdf */; };
		815E098B1CCA2A110062AAC5 /* String.swift in Sources */ = {isa = PBXBuildFile; fileRef = 815E098A1CCA2A110062AAC5 /* String.swift */; };
		8174DB8C1CC967F30078AB04 /* AppDelegate.swift in Sources */ = {isa = PBXBuildFile; fileRef = 8174DB8B1CC967F30078AB04 /* AppDelegate.swift */; };
		8174DB8E1CC967F30078AB04 /* ViewController.swift in Sources */ = {isa = PBXBuildFile; fileRef = 8174DB8D1CC967F30078AB04 /* ViewController.swift */; };
		8174DB911CC967F30078AB04 /* Main.storyboard in Resources */ = {isa = PBXBuildFile; fileRef = 8174DB8F1CC967F30078AB04 /* Main.storyboard */; };
		8174DB931CC967F30078AB04 /* Assets.xcassets in Resources */ = {isa = PBXBuildFile; fileRef = 8174DB921CC967F30078AB04 /* Assets.xcassets */; };
		8174DB961CC967F30078AB04 /* LaunchScreen.storyboard in Resources */ = {isa = PBXBuildFile; fileRef = 8174DB941CC967F30078AB04 /* LaunchScreen.storyboard */; };
		8174DB9E1CC96B7B0078AB04 /* Settings.swift in Sources */ = {isa = PBXBuildFile; fileRef = 8174DB9D1CC96B7B0078AB04 /* Settings.swift */; };
		8174DBA01CC96C5F0078AB04 /* CrawlManager.swift in Sources */ = {isa = PBXBuildFile; fileRef = 8174DB9F1CC96C5F0078AB04 /* CrawlManager.swift */; };
		8174DBA41CC97B500078AB04 /* Occurrence.swift in Sources */ = {isa = PBXBuildFile; fileRef = 8174DBA31CC97B500078AB04 /* Occurrence.swift */; };
		81B25F421CCA5F500010328E /* SynchronizedQueue.swift in Sources */ = {isa = PBXBuildFile; fileRef = 81B25F411CCA5F500010328E /* SynchronizedQueue.swift */; };
		81B25F451CCA6F8F0010328E /* Array.swift in Sources */ = {isa = PBXBuildFile; fileRef = 81B25F441CCA6F8F0010328E /* Array.swift */; };
/* End PBXBuildFile section */

/* Begin PBXFileReference section */
		810D8FB51CCB58D600195B6C /* Shared Code.swift */ = {isa = PBXFileReference; fileEncoding = 4; lastKnownFileType = sourcecode.swift; path = "Shared Code.swift"; sourceTree = "<group>"; };
		810D8FB71CCB680900195B6C /* TableViewCell.swift */ = {isa = PBXFileReference; fileEncoding = 4; lastKnownFileType = sourcecode.swift; path = TableViewCell.swift; sourceTree = "<group>"; };
		810D8FB91CCB7FEA00195B6C /* SynchronizedResults.swift */ = {isa = PBXFileReference; fileEncoding = 4; lastKnownFileType = sourcecode.swift; path = SynchronizedResults.swift; sourceTree = "<group>"; };
		810D8FBB1CCBBD3D00195B6C /* ConcurrentOperation.swift */ = {isa = PBXFileReference; fileEncoding = 4; lastKnownFileType = sourcecode.swift; path = ConcurrentOperation.swift; sourceTree = "<group>"; };
		810D8FBD1CCBBD9200195B6C /* CrawlOperation.swift */ = {isa = PBXFileReference; fileEncoding = 4; lastKnownFileType = sourcecode.swift; name = CrawlOperation.swift; path = ../CrawlOperation.swift; sourceTree = "<group>"; };
		811C80A81CCCD63F00D3A2D2 /* StatusEnums.swift */ = {isa = PBXFileReference; fileEncoding = 4; lastKnownFileType = sourcecode.swift; path = StatusEnums.swift; sourceTree = "<group>"; };
		811C80AC1CCD770C00D3A2D2 /* UIViewController.swift */ = {isa = PBXFileReference; fileEncoding = 4; lastKnownFileType = sourcecode.swift; path = UIViewController.swift; sourceTree = "<group>"; };
		811C80AE1CCD8E8E00D3A2D2 /* README.pdf */ = {isa = PBXFileReference; lastKnownFileType = image.pdf; path = README.pdf; sourceTree = "<group>"; };
		815E098A1CCA2A110062AAC5 /* String.swift */ = {isa = PBXFileReference; fileEncoding = 4; lastKnownFileType = sourcecode.swift; path = String.swift; sourceTree = "<group>"; };
		8174DB881CC967F30078AB04 /* Developex Test.app */ = {isa = PBXFileReference; explicitFileType = wrapper.application; includeInIndex = 0; path = "Developex Test.app"; sourceTree = BUILT_PRODUCTS_DIR; };
		8174DB8B1CC967F30078AB04 /* AppDelegate.swift */ = {isa = PBXFileReference; lastKnownFileType = sourcecode.swift; path = AppDelegate.swift; sourceTree = "<group>"; };
		8174DB8D1CC967F30078AB04 /* ViewController.swift */ = {isa = PBXFileReference; lastKnownFileType = sourcecode.swift; path = ViewController.swift; sourceTree = "<group>"; };
		8174DB901CC967F30078AB04 /* Base */ = {isa = PBXFileReference; lastKnownFileType = file.storyboard; name = Base; path = Base.lproj/Main.storyboard; sourceTree = "<group>"; };
		8174DB921CC967F30078AB04 /* Assets.xcassets */ = {isa = PBXFileReference; lastKnownFileType = folder.assetcatalog; path = Assets.xcassets; sourceTree = "<group>"; };
		8174DB951CC967F30078AB04 /* Base */ = {isa = PBXFileReference; lastKnownFileType = file.storyboard; name = Base; path = Base.lproj/LaunchScreen.storyboard; sourceTree = "<group>"; };
		8174DB971CC967F30078AB04 /* Info.plist */ = {isa = PBXFileReference; lastKnownFileType = text.plist.xml; path = Info.plist; sourceTree = "<group>"; };
		8174DB9D1CC96B7B0078AB04 /* Settings.swift */ = {isa = PBXFileReference; fileEncoding = 4; lastKnownFileType = sourcecode.swift; path = Settings.swift; sourceTree = "<group>"; };
		8174DB9F1CC96C5F0078AB04 /* CrawlManager.swift */ = {isa = PBXFileReference; fileEncoding = 4; lastKnownFileType = sourcecode.swift; path = CrawlManager.swift; sourceTree = "<group>"; };
		8174DBA31CC97B500078AB04 /* Occurrence.swift */ = {isa = PBXFileReference; fileEncoding = 4; lastKnownFileType = sourcecode.swift; path = Occurrence.swift; sourceTree = "<group>"; };
		81B25F411CCA5F500010328E /* SynchronizedQueue.swift */ = {isa = PBXFileReference; fileEncoding = 4; lastKnownFileType = sourcecode.swift; path = SynchronizedQueue.swift; sourceTree = "<group>"; };
		81B25F441CCA6F8F0010328E /* Array.swift */ = {isa = PBXFileReference; fileEncoding = 4; lastKnownFileType = sourcecode.swift; path = Array.swift; sourceTree = "<group>"; };
/* End PBXFileReference section */

/* Begin PBXFrameworksBuildPhase section */
		8174DB851CC967F30078AB04 /* Frameworks */ = {
			isa = PBXFrameworksBuildPhase;
			buildActionMask = 2147483647;
			files = (
			);
			runOnlyForDeploymentPostprocessing = 0;
		};
/* End PBXFrameworksBuildPhase section */

/* Begin PBXGroup section */
		810D8FBF1CCBC52E00195B6C /* Model */ = {
			isa = PBXGroup;
			children = (
				8174DBA31CC97B500078AB04 /* Occurrence.swift */,
				811C80A81CCCD63F00D3A2D2 /* StatusEnums.swift */,
			);
			name = Model;
			sourceTree = "<group>";
		};
		810D8FC11CCBC54100195B6C /* View */ = {
			isa = PBXGroup;
			children = (
				810D8FB71CCB680900195B6C /* TableViewCell.swift */,
			);
			name = View;
			sourceTree = "<group>";
		};
		810D8FC21CCBC54500195B6C /* Controller */ = {
			isa = PBXGroup;
			children = (
				8174DB8D1CC967F30078AB04 /* ViewController.swift */,
			);
			name = Controller;
			sourceTree = "<group>";
		};
		810D8FC31CCBC55000195B6C /* Others */ = {
			isa = PBXGroup;
			children = (
				8174DB921CC967F30078AB04 /* Assets.xcassets */,
				8174DB941CC967F30078AB04 /* LaunchScreen.storyboard */,
				8174DB971CC967F30078AB04 /* Info.plist */,
			);
			name = Others;
			sourceTree = "<group>";
		};
		8174DB7F1CC967F30078AB04 = {
			isa = PBXGroup;
			children = (
				811C80AE1CCD8E8E00D3A2D2 /* README.pdf */,
				8174DB8A1CC967F30078AB04 /* Developex Test */,
				8174DB891CC967F30078AB04 /* Products */,
			);
			sourceTree = "<group>";
		};
		8174DB891CC967F30078AB04 /* Products */ = {
			isa = PBXGroup;
			children = (
				8174DB881CC967F30078AB04 /* Developex Test.app */,
			);
			name = Products;
			sourceTree = "<group>";
		};
		8174DB8A1CC967F30078AB04 /* Developex Test */ = {
			isa = PBXGroup;
			children = (
				810D8FC21CCBC54500195B6C /* Controller */,
				810D8FBF1CCBC52E00195B6C /* Model */,
				810D8FC11CCBC54100195B6C /* View */,
				8174DB9F1CC96C5F0078AB04 /* CrawlManager.swift */,
				810D8FBD1CCBBD9200195B6C /* CrawlOperation.swift */,
				8174DB9D1CC96B7B0078AB04 /* Settings.swift */,
				810D8FB91CCB7FEA00195B6C /* SynchronizedResults.swift */,
				81B25F431CCA6F7A0010328E /* Extensions */,
				810D8FC31CCBC55000195B6C /* Others */,
				8174DB8B1CC967F30078AB04 /* AppDelegate.swift */,
				8174DB8F1CC967F30078AB04 /* Main.storyboard */,
			);
			path = "Developex Test";
			sourceTree = "<group>";
		};
		81B25F431CCA6F7A0010328E /* Extensions */ = {
			isa = PBXGroup;
			children = (
				81B25F411CCA5F500010328E /* SynchronizedQueue.swift */,
				810D8FBB1CCBBD3D00195B6C /* ConcurrentOperation.swift */,
				815E098A1CCA2A110062AAC5 /* String.swift */,
				81B25F441CCA6F8F0010328E /* Array.swift */,
				810D8FB51CCB58D600195B6C /* Shared Code.swift */,
				811C80AC1CCD770C00D3A2D2 /* UIViewController.swift */,
			);
			name = Extensions;
			sourceTree = "<group>";
		};
/* End PBXGroup section */

/* Begin PBXNativeTarget section */
		8174DB871CC967F30078AB04 /* Developex Test */ = {
			isa = PBXNativeTarget;
			buildConfigurationList = 8174DB9A1CC967F30078AB04 /* Build configuration list for PBXNativeTarget "Developex Test" */;
			buildPhases = (
				8174DB841CC967F30078AB04 /* Sources */,
				8174DB851CC967F30078AB04 /* Frameworks */,
				8174DB861CC967F30078AB04 /* Resources */,
			);
			buildRules = (
			);
			dependencies = (
			);
			name = "Developex Test";
			productName = "Developex Test";
			productReference = 8174DB881CC967F30078AB04 /* Developex Test.app */;
			productType = "com.apple.product-type.application";
		};
/* End PBXNativeTarget section */

/* Begin PBXProject section */
		8174DB801CC967F30078AB04 /* Project object */ = {
			isa = PBXProject;
			attributes = {
				LastSwiftUpdateCheck = 0730;
				LastUpgradeCheck = 0730;
				ORGANIZATIONNAME = "Dima Medynsky";
				TargetAttributes = {
					8174DB871CC967F30078AB04 = {
						CreatedOnToolsVersion = 7.3;
					};
				};
			};
			buildConfigurationList = 8174DB831CC967F30078AB04 /* Build configuration list for PBXProject "Developex Test" */;
			compatibilityVersion = "Xcode 3.2";
			developmentRegion = English;
			hasScannedForEncodings = 0;
			knownRegions = (
				en,
				Base,
			);
			mainGroup = 8174DB7F1CC967F30078AB04;
			productRefGroup = 8174DB891CC967F30078AB04 /* Products */;
			projectDirPath = "";
			projectRoot = "";
			targets = (
				8174DB871CC967F30078AB04 /* Developex Test */,
			);
		};
/* End PBXProject section */

/* Begin PBXResourcesBuildPhase section */
		8174DB861CC967F30078AB04 /* Resources */ = {
			isa = PBXResourcesBuildPhase;
			buildActionMask = 2147483647;
			files = (
				811C80AF1CCD8E8E00D3A2D2 /* README.pdf in Resources */,
				8174DB961CC967F30078AB04 /* LaunchScreen.storyboard in Resources */,
				8174DB931CC967F30078AB04 /* Assets.xcassets in Resources */,
				8174DB911CC967F30078AB04 /* Main.storyboard in Resources */,
			);
			runOnlyForDeploymentPostprocessing = 0;
		};
/* End PBXResourcesBuildPhase section */

/* Begin PBXSourcesBuildPhase section */
		8174DB841CC967F30078AB04 /* Sources */ = {
			isa = PBXSourcesBuildPhase;
			buildActionMask = 2147483647;
			files = (
				810D8FBA1CCB7FEA00195B6C /* SynchronizedResults.swift in Sources */,
				81B25F451CCA6F8F0010328E /* Array.swift in Sources */,
				810D8FB61CCB58D600195B6C /* Shared Code.swift in Sources */,
				8174DB9E1CC96B7B0078AB04 /* Settings.swift in Sources */,
				810D8FBC1CCBBD3D00195B6C /* ConcurrentOperation.swift in Sources */,
				8174DBA01CC96C5F0078AB04 /* CrawlManager.swift in Sources */,
				8174DB8E1CC967F30078AB04 /* ViewController.swift in Sources */,
				810D8FB81CCB680900195B6C /* TableViewCell.swift in Sources */,
				8174DBA41CC97B500078AB04 /* Occurrence.swift in Sources */,
				810D8FBE1CCBBD9200195B6C /* CrawlOperation.swift in Sources */,
				8174DB8C1CC967F30078AB04 /* AppDelegate.swift in Sources */,
				815E098B1CCA2A110062AAC5 /* String.swift in Sources */,
				811C80A91CCCD63F00D3A2D2 /* StatusEnums.swift in Sources */,
				81B25F421CCA5F500010328E /* SynchronizedQueue.swift in Sources */,
				811C80AD1CCD770C00D3A2D2 /* UIViewController.swift in Sources */,
			);
			runOnlyForDeploymentPostprocessing = 0;
		};
/* End PBXSourcesBuildPhase section */

/* Begin PBXVariantGroup section */
		8174DB8F1CC967F30078AB04 /* Main.storyboard */ = {
			isa = PBXVariantGroup;
			children = (
				8174DB901CC967F30078AB04 /* Base */,
			);
			name = Main.storyboard;
			sourceTree = "<group>";
		};
		8174DB941CC967F30078AB04 /* LaunchScreen.storyboard */ = {
			isa = PBXVariantGroup;
			children = (
				8174DB951CC967F30078AB04 /* Base */,
			);
			name = LaunchScreen.storyboard;
			sourceTree = "<group>";
		};
/* End PBXVariantGroup section */

/* Begin XCBuildConfiguration section */
		8174DB981CC967F30078AB04 /* Debug */ = {
			isa = XCBuildConfiguration;
			buildSettings = {
				ALWAYS_SEARCH_USER_PATHS = NO;
				CLANG_ANALYZER_NONNULL = YES;
				CLANG_CXX_LANGUAGE_STANDARD = "gnu++0x";
				CLANG_CXX_LIBRARY = "libc++";
				CLANG_ENABLE_MODULES = YES;
				CLANG_ENABLE_OBJC_ARC = YES;
				CLANG_WARN_BOOL_CONVERSION = YES;
				CLANG_WARN_CONSTANT_CONVERSION = YES;
				CLANG_WARN_DIRECT_OBJC_ISA_USAGE = YES_ERROR;
				CLANG_WARN_EMPTY_BODY = YES;
				CLANG_WARN_ENUM_CONVERSION = YES;
				CLANG_WARN_INT_CONVERSION = YES;
				CLANG_WARN_OBJC_ROOT_CLASS = YES_ERROR;
				CLANG_WARN_UNREACHABLE_CODE = YES;
				CLANG_WARN__DUPLICATE_METHOD_MATCH = YES;
				"CODE_SIGN_IDENTITY[sdk=iphoneos*]" = "iPhone Developer";
				COPY_PHASE_STRIP = NO;
				DEBUG_INFORMATION_FORMAT = dwarf;
				ENABLE_STRICT_OBJC_MSGSEND = YES;
				ENABLE_TESTABILITY = YES;
				GCC_C_LANGUAGE_STANDARD = gnu99;
				GCC_DYNAMIC_NO_PIC = NO;
				GCC_NO_COMMON_BLOCKS = YES;
				GCC_OPTIMIZATION_LEVEL = 0;
				GCC_PREPROCESSOR_DEFINITIONS = (
					"DEBUG=1",
					"$(inherited)",
				);
				GCC_WARN_64_TO_32_BIT_CONVERSION = YES;
				GCC_WARN_ABOUT_RETURN_TYPE = YES_ERROR;
				GCC_WARN_UNDECLARED_SELECTOR = YES;
				GCC_WARN_UNINITIALIZED_AUTOS = YES_AGGRESSIVE;
				GCC_WARN_UNUSED_FUNCTION = YES;
				GCC_WARN_UNUSED_VARIABLE = YES;
				IPHONEOS_DEPLOYMENT_TARGET = 9.3;
				MTL_ENABLE_DEBUG_INFO = YES;
				ONLY_ACTIVE_ARCH = YES;
				SDKROOT = iphoneos;
				SWIFT_OPTIMIZATION_LEVEL = "-Onone";
			};
			name = Debug;
		};
		8174DB991CC967F30078AB04 /* Release */ = {
			isa = XCBuildConfiguration;
			buildSettings = {
				ALWAYS_SEARCH_USER_PATHS = NO;
				CLANG_ANALYZER_NONNULL = YES;
				CLANG_CXX_LANGUAGE_STANDARD = "gnu++0x";
				CLANG_CXX_LIBRARY = "libc++";
				CLANG_ENABLE_MODULES = YES;
				CLANG_ENABLE_OBJC_ARC = YES;
				CLANG_WARN_BOOL_CONVERSION = YES;
				CLANG_WARN_CONSTANT_CONVERSION = YES;
				CLANG_WARN_DIRECT_OBJC_ISA_USAGE = YES_ERROR;
				CLANG_WARN_EMPTY_BODY = YES;
				CLANG_WARN_ENUM_CONVERSION = YES;
				CLANG_WARN_INT_CONVERSION = YES;
				CLANG_WARN_OBJC_ROOT_CLASS = YES_ERROR;
				CLANG_WARN_UNREACHABLE_CODE = YES;
				CLANG_WARN__DUPLICATE_METHOD_MATCH = YES;
				"CODE_SIGN_IDENTITY[sdk=iphoneos*]" = "iPhone Developer";
				COPY_PHASE_STRIP = NO;
				DEBUG_INFORMATION_FORMAT = "dwarf-with-dsym";
				ENABLE_NS_ASSERTIONS = NO;
				ENABLE_STRICT_OBJC_MSGSEND = YES;
				GCC_C_LANGUAGE_STANDARD = gnu99;
				GCC_NO_COMMON_BLOCKS = YES;
				GCC_WARN_64_TO_32_BIT_CONVERSION = YES;
				GCC_WARN_ABOUT_RETURN_TYPE = YES_ERROR;
				GCC_WARN_UNDECLARED_SELECTOR = YES;
				GCC_WARN_UNINITIALIZED_AUTOS = YES_AGGRESSIVE;
				GCC_WARN_UNUSED_FUNCTION = YES;
				GCC_WARN_UNUSED_VARIABLE = YES;
				IPHONEOS_DEPLOYMENT_TARGET = 9.3;
				MTL_ENABLE_DEBUG_INFO = NO;
				SDKROOT = iphoneos;
				VALIDATE_PRODUCT = YES;
			};
			name = Release;
		};
		8174DB9B1CC967F30078AB04 /* Debug */ = {
			isa = XCBuildConfiguration;
			buildSettings = {
				ASSETCATALOG_COMPILER_APPICON_NAME = AppIcon;
				INFOPLIST_FILE = "Developex Test/Info.plist";
				IPHONEOS_DEPLOYMENT_TARGET = 9.0;
				LD_RUNPATH_SEARCH_PATHS = "$(inherited) @executable_path/Frameworks";
				PRODUCT_BUNDLE_IDENTIFIER = "grandima.Developex-Test";
				PRODUCT_NAME = "$(TARGET_NAME)";
			};
			name = Debug;
		};
		8174DB9C1CC967F30078AB04 /* Release */ = {
			isa = XCBuildConfiguration;
			buildSettings = {
				ASSETCATALOG_COMPILER_APPICON_NAME = AppIcon;
				INFOPLIST_FILE = "Developex Test/Info.plist";
				IPHONEOS_DEPLOYMENT_TARGET = 9.0;
				LD_RUNPATH_SEARCH_PATHS = "$(inherited) @executable_path/Frameworks";
				PRODUCT_BUNDLE_IDENTIFIER = "grandima.Developex-Test";
				PRODUCT_NAME = "$(TARGET_NAME)";
			};
			name = Release;
		};
/* End XCBuildConfiguration section */

/* Begin XCConfigurationList section */
		8174DB831CC967F30078AB04 /* Build configuration list for PBXProject "Developex Test" */ = {
			isa = XCConfigurationList;
			buildConfigurations = (
				8174DB981CC967F30078AB04 /* Debug */,
				8174DB991CC967F30078AB04 /* Release */,
			);
			defaultConfigurationIsVisible = 0;
			defaultConfigurationName = Release;
		};
		8174DB9A1CC967F30078AB04 /* Build configuration list for PBXNativeTarget "Developex Test" */ = {
			isa = XCConfigurationList;
			buildConfigurations = (
				8174DB9B1CC967F30078AB04 /* Debug */,
				8174DB9C1CC967F30078AB04 /* Release */,
			);
			defaultConfigurationIsVisible = 0;
			defaultConfigurationName = Release;
		};
/* End XCConfigurationList section */
	};
	rootObject = 8174DB801CC967F30078AB04 /* Project object */;
}
