<?xml version="1.0" encoding="UTF-8"?>
<!DOCTYPE plist PUBLIC "-//Apple//DTD PLIST 1.0//EN" "http://www.apple.com/DTDs/PropertyList-1.0.dtd">
<plist version="1.0">
<dict>
	<key>archiveVersion</key>
	<string>1</string>
	<key>classes</key>
	<dict/>
	<key>objectVersion</key>
	<string>46</string>
	<key>objects</key>
	<dict>
		<key>810D8FB51CCB58D600195B6C</key>
		<dict>
			<key>fileEncoding</key>
			<string>4</string>
			<key>isa</key>
			<string>PBXFileReference</string>
			<key>lastKnownFileType</key>
			<string>sourcecode.swift</string>
			<key>path</key>
			<string>Shared Code.swift</string>
			<key>sourceTree</key>
			<string>&lt;group&gt;</string>
		</dict>
		<key>810D8FB61CCB58D600195B6C</key>
		<dict>
			<key>fileRef</key>
			<string>810D8FB51CCB58D600195B6C</string>
			<key>isa</key>
			<string>PBXBuildFile</string>
		</dict>
		<key>810D8FB71CCB680900195B6C</key>
		<dict>
			<key>fileEncoding</key>
			<string>4</string>
			<key>isa</key>
			<string>PBXFileReference</string>
			<key>lastKnownFileType</key>
			<string>sourcecode.swift</string>
			<key>path</key>
			<string>TableViewCell.swift</string>
			<key>sourceTree</key>
			<string>&lt;group&gt;</string>
		</dict>
		<key>810D8FB81CCB680900195B6C</key>
		<dict>
			<key>fileRef</key>
			<string>810D8FB71CCB680900195B6C</string>
			<key>isa</key>
			<string>PBXBuildFile</string>
		</dict>
		<key>810D8FB91CCB7FEA00195B6C</key>
		<dict>
			<key>fileEncoding</key>
			<string>4</string>
			<key>isa</key>
			<string>PBXFileReference</string>
			<key>lastKnownFileType</key>
			<string>sourcecode.swift</string>
			<key>path</key>
			<string>SynchronizedResults.swift</string>
			<key>sourceTree</key>
			<string>&lt;group&gt;</string>
		</dict>
		<key>810D8FBA1CCB7FEA00195B6C</key>
		<dict>
			<key>fileRef</key>
			<string>810D8FB91CCB7FEA00195B6C</string>
			<key>isa</key>
			<string>PBXBuildFile</string>
		</dict>
		<key>810D8FBB1CCBBD3D00195B6C</key>
		<dict>
			<key>fileEncoding</key>
			<string>4</string>
			<key>isa</key>
			<string>PBXFileReference</string>
			<key>lastKnownFileType</key>
			<string>sourcecode.swift</string>
			<key>path</key>
			<string>ConcurrentOperation.swift</string>
			<key>sourceTree</key>
			<string>&lt;group&gt;</string>
		</dict>
		<key>810D8FBC1CCBBD3D00195B6C</key>
		<dict>
			<key>fileRef</key>
			<string>810D8FBB1CCBBD3D00195B6C</string>
			<key>isa</key>
			<string>PBXBuildFile</string>
		</dict>
		<key>810D8FBD1CCBBD9200195B6C</key>
		<dict>
			<key>fileEncoding</key>
			<string>4</string>
			<key>isa</key>
			<string>PBXFileReference</string>
			<key>lastKnownFileType</key>
			<string>sourcecode.swift</string>
			<key>name</key>
			<string>CrawlOperation.swift</string>
			<key>path</key>
			<string>../CrawlOperation.swift</string>
			<key>sourceTree</key>
			<string>&lt;group&gt;</string>
		</dict>
		<key>810D8FBE1CCBBD9200195B6C</key>
		<dict>
			<key>fileRef</key>
			<string>810D8FBD1CCBBD9200195B6C</string>
			<key>isa</key>
			<string>PBXBuildFile</string>
		</dict>
		<key>810D8FBF1CCBC52E00195B6C</key>
		<dict>
			<key>children</key>
			<array>
				<string>8174DBA31CC97B500078AB04</string>
			</array>
			<key>isa</key>
			<string>PBXGroup</string>
			<key>name</key>
			<string>Model</string>
			<key>sourceTree</key>
			<string>&lt;group&gt;</string>
		</dict>
		<key>810D8FC11CCBC54100195B6C</key>
		<dict>
			<key>children</key>
			<array>
				<string>810D8FB71CCB680900195B6C</string>
			</array>
			<key>isa</key>
			<string>PBXGroup</string>
			<key>name</key>
			<string>View</string>
			<key>sourceTree</key>
			<string>&lt;group&gt;</string>
		</dict>
		<key>810D8FC21CCBC54500195B6C</key>
		<dict>
			<key>children</key>
			<array>
				<string>8174DB8D1CC967F30078AB04</string>
			</array>
			<key>isa</key>
			<string>PBXGroup</string>
			<key>name</key>
			<string>Controller</string>
			<key>sourceTree</key>
			<string>&lt;group&gt;</string>
		</dict>
		<key>810D8FC31CCBC55000195B6C</key>
		<dict>
			<key>children</key>
			<array>
				<string>8174DB921CC967F30078AB04</string>
				<string>8174DB941CC967F30078AB04</string>
				<string>8174DB971CC967F30078AB04</string>
			</array>
			<key>isa</key>
			<string>PBXGroup</string>
			<key>name</key>
			<string>Others</string>
			<key>sourceTree</key>
			<string>&lt;group&gt;</string>
		</dict>
		<key>815E098A1CCA2A110062AAC5</key>
		<dict>
			<key>fileEncoding</key>
			<string>4</string>
			<key>isa</key>
			<string>PBXFileReference</string>
			<key>lastKnownFileType</key>
			<string>sourcecode.swift</string>
			<key>path</key>
			<string>String.swift</string>
			<key>sourceTree</key>
			<string>&lt;group&gt;</string>
		</dict>
		<key>815E098B1CCA2A110062AAC5</key>
		<dict>
			<key>fileRef</key>
			<string>815E098A1CCA2A110062AAC5</string>
			<key>isa</key>
			<string>PBXBuildFile</string>
		</dict>
		<key>8174DB7F1CC967F30078AB04</key>
		<dict>
			<key>children</key>
			<array>
				<string>8174DB8A1CC967F30078AB04</string>
				<string>8174DB891CC967F30078AB04</string>
			</array>
			<key>isa</key>
			<string>PBXGroup</string>
			<key>sourceTree</key>
			<string>&lt;group&gt;</string>
		</dict>
		<key>8174DB801CC967F30078AB04</key>
		<dict>
			<key>attributes</key>
			<dict>
				<key>LastSwiftUpdateCheck</key>
				<string>0730</string>
				<key>LastUpgradeCheck</key>
				<string>0730</string>
				<key>ORGANIZATIONNAME</key>
				<string>Dima Medynsky</string>
				<key>TargetAttributes</key>
				<dict>
					<key>8174DB871CC967F30078AB04</key>
					<dict>
						<key>CreatedOnToolsVersion</key>
						<string>7.3</string>
					</dict>
				</dict>
			</dict>
			<key>buildConfigurationList</key>
			<string>8174DB831CC967F30078AB04</string>
			<key>compatibilityVersion</key>
			<string>Xcode 3.2</string>
			<key>developmentRegion</key>
			<string>English</string>
			<key>hasScannedForEncodings</key>
			<string>0</string>
			<key>isa</key>
			<string>PBXProject</string>
			<key>knownRegions</key>
			<array>
				<string>en</string>
				<string>Base</string>
			</array>
			<key>mainGroup</key>
			<string>8174DB7F1CC967F30078AB04</string>
			<key>productRefGroup</key>
			<string>8174DB891CC967F30078AB04</string>
			<key>projectDirPath</key>
			<string></string>
			<key>projectReferences</key>
			<array/>
			<key>projectRoot</key>
			<string></string>
			<key>targets</key>
			<array>
				<string>8174DB871CC967F30078AB04</string>
			</array>
		</dict>
		<key>8174DB831CC967F30078AB04</key>
		<dict>
			<key>buildConfigurations</key>
			<array>
				<string>8174DB981CC967F30078AB04</string>
				<string>8174DB991CC967F30078AB04</string>
			</array>
			<key>defaultConfigurationIsVisible</key>
			<string>0</string>
			<key>defaultConfigurationName</key>
			<string>Release</string>
			<key>isa</key>
			<string>XCConfigurationList</string>
		</dict>
		<key>8174DB841CC967F30078AB04</key>
		<dict>
			<key>buildActionMask</key>
			<string>2147483647</string>
			<key>files</key>
			<array>
				<string>810D8FBA1CCB7FEA00195B6C</string>
				<string>81B25F451CCA6F8F0010328E</string>
				<string>810D8FB61CCB58D600195B6C</string>
				<string>8174DB9E1CC96B7B0078AB04</string>
				<string>810D8FBC1CCBBD3D00195B6C</string>
				<string>8174DBA01CC96C5F0078AB04</string>
				<string>8174DB8E1CC967F30078AB04</string>
				<string>810D8FB81CCB680900195B6C</string>
				<string>8174DBA41CC97B500078AB04</string>
				<string>810D8FBE1CCBBD9200195B6C</string>
				<string>8174DB8C1CC967F30078AB04</string>
				<string>815E098B1CCA2A110062AAC5</string>
				<string>81B25F421CCA5F500010328E</string>
			</array>
			<key>isa</key>
			<string>PBXSourcesBuildPhase</string>
			<key>runOnlyForDeploymentPostprocessing</key>
			<string>0</string>
		</dict>
		<key>8174DB851CC967F30078AB04</key>
		<dict>
			<key>buildActionMask</key>
			<string>2147483647</string>
			<key>files</key>
			<array/>
			<key>isa</key>
			<string>PBXFrameworksBuildPhase</string>
			<key>runOnlyForDeploymentPostprocessing</key>
			<string>0</string>
		</dict>
		<key>8174DB861CC967F30078AB04</key>
		<dict>
			<key>buildActionMask</key>
			<string>2147483647</string>
			<key>files</key>
			<array>
				<string>8174DB961CC967F30078AB04</string>
				<string>8174DB931CC967F30078AB04</string>
				<string>8174DB911CC967F30078AB04</string>
			</array>
			<key>isa</key>
			<string>PBXResourcesBuildPhase</string>
			<key>runOnlyForDeploymentPostprocessing</key>
			<string>0</string>
		</dict>
		<key>8174DB871CC967F30078AB04</key>
		<dict>
			<key>buildConfigurationList</key>
			<string>8174DB9A1CC967F30078AB04</string>
			<key>buildPhases</key>
			<array>
				<string>8174DB841CC967F30078AB04</string>
				<string>8174DB851CC967F30078AB04</string>
				<string>8174DB861CC967F30078AB04</string>
			</array>
			<key>buildRules</key>
			<array/>
			<key>dependencies</key>
			<array/>
			<key>isa</key>
			<string>PBXNativeTarget</string>
			<key>name</key>
			<string>Developex Test</string>
			<key>productName</key>
			<string>Developex Test</string>
			<key>productReference</key>
			<string>8174DB881CC967F30078AB04</string>
			<key>productType</key>
			<string>com.apple.product-type.application</string>
		</dict>
		<key>8174DB881CC967F30078AB04</key>
		<dict>
			<key>explicitFileType</key>
			<string>wrapper.application</string>
			<key>includeInIndex</key>
			<string>0</string>
			<key>isa</key>
			<string>PBXFileReference</string>
			<key>path</key>
			<string>Developex Test.app</string>
			<key>sourceTree</key>
			<string>BUILT_PRODUCTS_DIR</string>
		</dict>
		<key>8174DB891CC967F30078AB04</key>
		<dict>
			<key>children</key>
			<array>
				<string>8174DB881CC967F30078AB04</string>
			</array>
			<key>isa</key>
			<string>PBXGroup</string>
			<key>name</key>
			<string>Products</string>
			<key>sourceTree</key>
			<string>&lt;group&gt;</string>
		</dict>
		<key>8174DB8A1CC967F30078AB04</key>
		<dict>
			<key>children</key>
			<array>
				<string>810D8FC21CCBC54500195B6C</string>
				<string>810D8FBF1CCBC52E00195B6C</string>
				<string>8174DB9D1CC96B7B0078AB04</string>
				<string>8174DB9F1CC96C5F0078AB04</string>
				<string>810D8FBD1CCBBD9200195B6C</string>
				<string>810D8FB91CCB7FEA00195B6C</string>
				<string>81B25F431CCA6F7A0010328E</string>
				<string>810D8FC11CCBC54100195B6C</string>
				<string>810D8FC31CCBC55000195B6C</string>
				<string>8174DB8B1CC967F30078AB04</string>
				<string>8174DB8F1CC967F30078AB04</string>
			</array>
			<key>isa</key>
			<string>PBXGroup</string>
			<key>path</key>
			<string>Developex Test</string>
			<key>sourceTree</key>
			<string>&lt;group&gt;</string>
		</dict>
		<key>8174DB8B1CC967F30078AB04</key>
		<dict>
			<key>isa</key>
			<string>PBXFileReference</string>
			<key>lastKnownFileType</key>
			<string>sourcecode.swift</string>
			<key>path</key>
			<string>AppDelegate.swift</string>
			<key>sourceTree</key>
			<string>&lt;group&gt;</string>
		</dict>
		<key>8174DB8C1CC967F30078AB04</key>
		<dict>
			<key>fileRef</key>
			<string>8174DB8B1CC967F30078AB04</string>
			<key>isa</key>
			<string>PBXBuildFile</string>
		</dict>
		<key>8174DB8D1CC967F30078AB04</key>
		<dict>
			<key>isa</key>
			<string>PBXFileReference</string>
			<key>lastKnownFileType</key>
			<string>sourcecode.swift</string>
			<key>path</key>
			<string>ViewController.swift</string>
			<key>sourceTree</key>
			<string>&lt;group&gt;</string>
		</dict>
		<key>8174DB8E1CC967F30078AB04</key>
		<dict>
			<key>fileRef</key>
			<string>8174DB8D1CC967F30078AB04</string>
			<key>isa</key>
			<string>PBXBuildFile</string>
		</dict>
		<key>8174DB8F1CC967F30078AB04</key>
		<dict>
			<key>children</key>
			<array>
				<string>8174DB901CC967F30078AB04</string>
			</array>
			<key>isa</key>
			<string>PBXVariantGroup</string>
			<key>name</key>
			<string>Main.storyboard</string>
			<key>sourceTree</key>
			<string>&lt;group&gt;</string>
		</dict>
		<key>8174DB901CC967F30078AB04</key>
		<dict>
			<key>isa</key>
			<string>PBXFileReference</string>
			<key>lastKnownFileType</key>
			<string>file.storyboard</string>
			<key>name</key>
			<string>Base</string>
			<key>path</key>
			<string>Base.lproj/Main.storyboard</string>
			<key>sourceTree</key>
			<string>&lt;group&gt;</string>
		</dict>
		<key>8174DB911CC967F30078AB04</key>
		<dict>
			<key>fileRef</key>
			<string>8174DB8F1CC967F30078AB04</string>
			<key>isa</key>
			<string>PBXBuildFile</string>
		</dict>
		<key>8174DB921CC967F30078AB04</key>
		<dict>
			<key>isa</key>
			<string>PBXFileReference</string>
			<key>lastKnownFileType</key>
			<string>folder.assetcatalog</string>
			<key>path</key>
			<string>Assets.xcassets</string>
			<key>sourceTree</key>
			<string>&lt;group&gt;</string>
		</dict>
		<key>8174DB931CC967F30078AB04</key>
		<dict>
			<key>fileRef</key>
			<string>8174DB921CC967F30078AB04</string>
			<key>isa</key>
			<string>PBXBuildFile</string>
		</dict>
		<key>8174DB941CC967F30078AB04</key>
		<dict>
			<key>children</key>
			<array>
				<string>8174DB951CC967F30078AB04</string>
			</array>
			<key>isa</key>
			<string>PBXVariantGroup</string>
			<key>name</key>
			<string>LaunchScreen.storyboard</string>
			<key>sourceTree</key>
			<string>&lt;group&gt;</string>
		</dict>
		<key>8174DB951CC967F30078AB04</key>
		<dict>
			<key>isa</key>
			<string>PBXFileReference</string>
			<key>lastKnownFileType</key>
			<string>file.storyboard</string>
			<key>name</key>
			<string>Base</string>
			<key>path</key>
			<string>Base.lproj/LaunchScreen.storyboard</string>
			<key>sourceTree</key>
			<string>&lt;group&gt;</string>
		</dict>
		<key>8174DB961CC967F30078AB04</key>
		<dict>
			<key>fileRef</key>
			<string>8174DB941CC967F30078AB04</string>
			<key>isa</key>
			<string>PBXBuildFile</string>
		</dict>
		<key>8174DB971CC967F30078AB04</key>
		<dict>
			<key>isa</key>
			<string>PBXFileReference</string>
			<key>lastKnownFileType</key>
			<string>text.plist.xml</string>
			<key>path</key>
			<string>Info.plist</string>
			<key>sourceTree</key>
			<string>&lt;group&gt;</string>
		</dict>
		<key>8174DB981CC967F30078AB04</key>
		<dict>
			<key>buildSettings</key>
			<dict>
				<key>ALWAYS_SEARCH_USER_PATHS</key>
				<string>NO</string>
				<key>CLANG_ANALYZER_NONNULL</key>
				<string>YES</string>
				<key>CLANG_CXX_LANGUAGE_STANDARD</key>
				<string>gnu++0x</string>
				<key>CLANG_CXX_LIBRARY</key>
				<string>libc++</string>
				<key>CLANG_ENABLE_MODULES</key>
				<string>YES</string>
				<key>CLANG_ENABLE_OBJC_ARC</key>
				<string>YES</string>
				<key>CLANG_WARN_BOOL_CONVERSION</key>
				<string>YES</string>
				<key>CLANG_WARN_CONSTANT_CONVERSION</key>
				<string>YES</string>
				<key>CLANG_WARN_DIRECT_OBJC_ISA_USAGE</key>
				<string>YES_ERROR</string>
				<key>CLANG_WARN_EMPTY_BODY</key>
				<string>YES</string>
				<key>CLANG_WARN_ENUM_CONVERSION</key>
				<string>YES</string>
				<key>CLANG_WARN_INT_CONVERSION</key>
				<string>YES</string>
				<key>CLANG_WARN_OBJC_ROOT_CLASS</key>
				<string>YES_ERROR</string>
				<key>CLANG_WARN_UNREACHABLE_CODE</key>
				<string>YES</string>
				<key>CLANG_WARN__DUPLICATE_METHOD_MATCH</key>
				<string>YES</string>
				<key>CODE_SIGN_IDENTITY[sdk=iphoneos*]</key>
				<string>iPhone Developer</string>
				<key>COPY_PHASE_STRIP</key>
				<string>NO</string>
				<key>DEBUG_INFORMATION_FORMAT</key>
				<string>dwarf</string>
				<key>ENABLE_STRICT_OBJC_MSGSEND</key>
				<string>YES</string>
				<key>ENABLE_TESTABILITY</key>
				<string>YES</string>
				<key>GCC_C_LANGUAGE_STANDARD</key>
				<string>gnu99</string>
				<key>GCC_DYNAMIC_NO_PIC</key>
				<string>NO</string>
				<key>GCC_NO_COMMON_BLOCKS</key>
				<string>YES</string>
				<key>GCC_OPTIMIZATION_LEVEL</key>
				<string>0</string>
				<key>GCC_PREPROCESSOR_DEFINITIONS</key>
				<array>
					<string>DEBUG=1</string>
					<string>$(inherited)</string>
				</array>
				<key>GCC_WARN_64_TO_32_BIT_CONVERSION</key>
				<string>YES</string>
				<key>GCC_WARN_ABOUT_RETURN_TYPE</key>
				<string>YES_ERROR</string>
				<key>GCC_WARN_UNDECLARED_SELECTOR</key>
				<string>YES</string>
				<key>GCC_WARN_UNINITIALIZED_AUTOS</key>
				<string>YES_AGGRESSIVE</string>
				<key>GCC_WARN_UNUSED_FUNCTION</key>
				<string>YES</string>
				<key>GCC_WARN_UNUSED_VARIABLE</key>
				<string>YES</string>
				<key>IPHONEOS_DEPLOYMENT_TARGET</key>
				<string>9.3</string>
				<key>MTL_ENABLE_DEBUG_INFO</key>
				<string>YES</string>
				<key>ONLY_ACTIVE_ARCH</key>
				<string>YES</string>
				<key>SDKROOT</key>
				<string>iphoneos</string>
				<key>SWIFT_OPTIMIZATION_LEVEL</key>
				<string>-Onone</string>
			</dict>
			<key>isa</key>
			<string>XCBuildConfiguration</string>
			<key>name</key>
			<string>Debug</string>
		</dict>
		<key>8174DB991CC967F30078AB04</key>
		<dict>
			<key>buildSettings</key>
			<dict>
				<key>ALWAYS_SEARCH_USER_PATHS</key>
				<string>NO</string>
				<key>CLANG_ANALYZER_NONNULL</key>
				<string>YES</string>
				<key>CLANG_CXX_LANGUAGE_STANDARD</key>
				<string>gnu++0x</string>
				<key>CLANG_CXX_LIBRARY</key>
				<string>libc++</string>
				<key>CLANG_ENABLE_MODULES</key>
				<string>YES</string>
				<key>CLANG_ENABLE_OBJC_ARC</key>
				<string>YES</string>
				<key>CLANG_WARN_BOOL_CONVERSION</key>
				<string>YES</string>
				<key>CLANG_WARN_CONSTANT_CONVERSION</key>
				<string>YES</string>
				<key>CLANG_WARN_DIRECT_OBJC_ISA_USAGE</key>
				<string>YES_ERROR</string>
				<key>CLANG_WARN_EMPTY_BODY</key>
				<string>YES</string>
				<key>CLANG_WARN_ENUM_CONVERSION</key>
				<string>YES</string>
				<key>CLANG_WARN_INT_CONVERSION</key>
				<string>YES</string>
				<key>CLANG_WARN_OBJC_ROOT_CLASS</key>
				<string>YES_ERROR</string>
				<key>CLANG_WARN_UNREACHABLE_CODE</key>
				<string>YES</string>
				<key>CLANG_WARN__DUPLICATE_METHOD_MATCH</key>
				<string>YES</string>
				<key>CODE_SIGN_IDENTITY[sdk=iphoneos*]</key>
				<string>iPhone Developer</string>
				<key>COPY_PHASE_STRIP</key>
				<string>NO</string>
				<key>DEBUG_INFORMATION_FORMAT</key>
				<string>dwarf-with-dsym</string>
				<key>ENABLE_NS_ASSERTIONS</key>
				<string>NO</string>
				<key>ENABLE_STRICT_OBJC_MSGSEND</key>
				<string>YES</string>
				<key>GCC_C_LANGUAGE_STANDARD</key>
				<string>gnu99</string>
				<key>GCC_NO_COMMON_BLOCKS</key>
				<string>YES</string>
				<key>GCC_WARN_64_TO_32_BIT_CONVERSION</key>
				<string>YES</string>
				<key>GCC_WARN_ABOUT_RETURN_TYPE</key>
				<string>YES_ERROR</string>
				<key>GCC_WARN_UNDECLARED_SELECTOR</key>
				<string>YES</string>
				<key>GCC_WARN_UNINITIALIZED_AUTOS</key>
				<string>YES_AGGRESSIVE</string>
				<key>GCC_WARN_UNUSED_FUNCTION</key>
				<string>YES</string>
				<key>GCC_WARN_UNUSED_VARIABLE</key>
				<string>YES</string>
				<key>IPHONEOS_DEPLOYMENT_TARGET</key>
				<string>9.3</string>
				<key>MTL_ENABLE_DEBUG_INFO</key>
				<string>NO</string>
				<key>SDKROOT</key>
				<string>iphoneos</string>
				<key>VALIDATE_PRODUCT</key>
				<string>YES</string>
			</dict>
			<key>isa</key>
			<string>XCBuildConfiguration</string>
			<key>name</key>
			<string>Release</string>
		</dict>
		<key>8174DB9A1CC967F30078AB04</key>
		<dict>
			<key>buildConfigurations</key>
			<array>
				<string>8174DB9B1CC967F30078AB04</string>
				<string>8174DB9C1CC967F30078AB04</string>
			</array>
			<key>defaultConfigurationIsVisible</key>
			<string>0</string>
			<key>defaultConfigurationName</key>
			<string>Release</string>
			<key>isa</key>
			<string>XCConfigurationList</string>
		</dict>
		<key>8174DB9B1CC967F30078AB04</key>
		<dict>
			<key>buildSettings</key>
			<dict>
				<key>ASSETCATALOG_COMPILER_APPICON_NAME</key>
				<string>AppIcon</string>
				<key>INFOPLIST_FILE</key>
				<string>Developex Test/Info.plist</string>
				<key>IPHONEOS_DEPLOYMENT_TARGET</key>
				<string>9.0</string>
				<key>LD_RUNPATH_SEARCH_PATHS</key>
				<string>$(inherited) @executable_path/Frameworks</string>
				<key>PRODUCT_BUNDLE_IDENTIFIER</key>
				<string>grandima.Developex-Test</string>
				<key>PRODUCT_NAME</key>
				<string>$(TARGET_NAME)</string>
			</dict>
			<key>isa</key>
			<string>XCBuildConfiguration</string>
			<key>name</key>
			<string>Debug</string>
		</dict>
		<key>8174DB9C1CC967F30078AB04</key>
		<dict>
			<key>buildSettings</key>
			<dict>
				<key>ASSETCATALOG_COMPILER_APPICON_NAME</key>
				<string>AppIcon</string>
				<key>INFOPLIST_FILE</key>
				<string>Developex Test/Info.plist</string>
				<key>IPHONEOS_DEPLOYMENT_TARGET</key>
				<string>9.0</string>
				<key>LD_RUNPATH_SEARCH_PATHS</key>
				<string>$(inherited) @executable_path/Frameworks</string>
				<key>PRODUCT_BUNDLE_IDENTIFIER</key>
				<string>grandima.Developex-Test</string>
				<key>PRODUCT_NAME</key>
				<string>$(TARGET_NAME)</string>
			</dict>
			<key>isa</key>
			<string>XCBuildConfiguration</string>
			<key>name</key>
			<string>Release</string>
		</dict>
		<key>8174DB9D1CC96B7B0078AB04</key>
		<dict>
			<key>fileEncoding</key>
			<string>4</string>
			<key>isa</key>
			<string>PBXFileReference</string>
			<key>lastKnownFileType</key>
			<string>sourcecode.swift</string>
			<key>path</key>
			<string>Settings.swift</string>
			<key>sourceTree</key>
			<string>&lt;group&gt;</string>
		</dict>
		<key>8174DB9E1CC96B7B0078AB04</key>
		<dict>
			<key>fileRef</key>
			<string>8174DB9D1CC96B7B0078AB04</string>
			<key>isa</key>
			<string>PBXBuildFile</string>
		</dict>
		<key>8174DB9F1CC96C5F0078AB04</key>
		<dict>
			<key>fileEncoding</key>
			<string>4</string>
			<key>isa</key>
			<string>PBXFileReference</string>
			<key>lastKnownFileType</key>
			<string>sourcecode.swift</string>
			<key>path</key>
			<string>CrawlManager.swift</string>
			<key>sourceTree</key>
			<string>&lt;group&gt;</string>
		</dict>
		<key>8174DBA01CC96C5F0078AB04</key>
		<dict>
			<key>fileRef</key>
			<string>8174DB9F1CC96C5F0078AB04</string>
			<key>isa</key>
			<string>PBXBuildFile</string>
		</dict>
		<key>8174DBA31CC97B500078AB04</key>
		<dict>
			<key>fileEncoding</key>
			<string>4</string>
			<key>isa</key>
			<string>PBXFileReference</string>
			<key>lastKnownFileType</key>
			<string>sourcecode.swift</string>
			<key>path</key>
			<string>Occurrence.swift</string>
			<key>sourceTree</key>
			<string>&lt;group&gt;</string>
		</dict>
		<key>8174DBA41CC97B500078AB04</key>
		<dict>
			<key>fileRef</key>
			<string>8174DBA31CC97B500078AB04</string>
			<key>isa</key>
			<string>PBXBuildFile</string>
		</dict>
		<key>81B25F411CCA5F500010328E</key>
		<dict>
			<key>fileEncoding</key>
			<string>4</string>
			<key>isa</key>
			<string>PBXFileReference</string>
			<key>lastKnownFileType</key>
			<string>sourcecode.swift</string>
			<key>path</key>
			<string>SynchronizedQueue.swift</string>
			<key>sourceTree</key>
			<string>&lt;group&gt;</string>
		</dict>
		<key>81B25F421CCA5F500010328E</key>
		<dict>
			<key>fileRef</key>
			<string>81B25F411CCA5F500010328E</string>
			<key>isa</key>
			<string>PBXBuildFile</string>
		</dict>
		<key>81B25F431CCA6F7A0010328E</key>
		<dict>
			<key>children</key>
			<array>
				<string>810D8FBB1CCBBD3D00195B6C</string>
				<string>81B25F411CCA5F500010328E</string>
				<string>815E098A1CCA2A110062AAC5</string>
				<string>81B25F441CCA6F8F0010328E</string>
				<string>810D8FB51CCB58D600195B6C</string>
			</array>
			<key>isa</key>
			<string>PBXGroup</string>
			<key>name</key>
			<string>Extensions</string>
			<key>sourceTree</key>
			<string>&lt;group&gt;</string>
		</dict>
		<key>81B25F441CCA6F8F0010328E</key>
		<dict>
			<key>fileEncoding</key>
			<string>4</string>
			<key>isa</key>
			<string>PBXFileReference</string>
			<key>lastKnownFileType</key>
			<string>sourcecode.swift</string>
			<key>path</key>
			<string>Array.swift</string>
			<key>sourceTree</key>
			<string>&lt;group&gt;</string>
		</dict>
		<key>81B25F451CCA6F8F0010328E</key>
		<dict>
			<key>fileRef</key>
			<string>81B25F441CCA6F8F0010328E</string>
			<key>isa</key>
			<string>PBXBuildFile</string>
		</dict>
	</dict>
	<key>rootObject</key>
	<string>8174DB801CC967F30078AB04</string>
</dict>
</plist>
